<?xml version="1.0" encoding="utf-8"?>
<Project ToolsVersion="4.0" xmlns="http://schemas.microsoft.com/developer/msbuild/2003">
  <ItemGroup>
    <Filter Include="Source Files">
      <UniqueIdentifier>{4FC737F1-C7A5-4376-A066-2A32D752A2FF}</UniqueIdentifier>
      <Extensions>cpp;c;cc;cxx;def;odl;idl;hpj;bat;asm;asmx</Extensions>
    </Filter>
    <Filter Include="Header Files">
      <UniqueIdentifier>{93995380-89BD-4b04-88EB-625FBE52EBFB}</UniqueIdentifier>
      <Extensions>h;hpp;hxx;hm;inl;inc;xsd</Extensions>
    </Filter>
    <Filter Include="Resource Files">
      <UniqueIdentifier>{67DA6AB6-F800-4c08-8B7A-83BB121AAD01}</UniqueIdentifier>
      <Extensions>rc;ico;cur;bmp;dlg;rc2;rct;bin;rgs;gif;jpg;jpeg;jpe;resx;tiff;tif;png;wav;mfcribbon-ms</Extensions>
    </Filter>
    <Filter Include="Header Files\Capacity">
      <UniqueIdentifier>{182c2e8d-9c5b-4dce-82ac-da2e1c421bc9}</UniqueIdentifier>
    </Filter>
    <Filter Include="Header Files\Actions">
      <UniqueIdentifier>{187d932c-5f60-48ce-93b9-57323166bfec}</UniqueIdentifier>
    </Filter>
    <Filter Include="Header Files\Decisions">
      <UniqueIdentifier>{46687a22-b7a7-4b51-8179-a3337b66effb}</UniqueIdentifier>
    </Filter>
    <Filter Include="Header Files\IA">
      <UniqueIdentifier>{e53f1c7b-78e2-4f7d-b551-416ab244d5e1}</UniqueIdentifier>
    </Filter>
    <Filter Include="Header Files\Tools">
      <UniqueIdentifier>{c450fc7b-b4e1-4c48-9c8b-412fc2c6db00}</UniqueIdentifier>
    </Filter>
    <Filter Include="Header Files\Filters">
      <UniqueIdentifier>{1d9350ad-a988-4dc4-9770-f0b663c1b6b5}</UniqueIdentifier>
    </Filter>
    <Filter Include="Source Files\Decisions">
      <UniqueIdentifier>{46d05d89-26ac-4c59-b5cf-30aa7aecf2b9}</UniqueIdentifier>
    </Filter>
  </ItemGroup>
  <ItemGroup>
    <Text Include="ReadMe.txt" />
  </ItemGroup>
  <ItemGroup>
    <ClCompile Include="EsgiShader.cpp">
      <Filter>Source Files</Filter>
    </ClCompile>
    <ClCompile Include="OpenGlBattleArmy.cpp">
      <Filter>Source Files</Filter>
    </ClCompile>
    <ClCompile Include="AI.cpp">
      <Filter>Source Files</Filter>
    </ClCompile>
    <ClCompile Include="Army.cpp">
      <Filter>Source Files</Filter>
    </ClCompile>
    <ClCompile Include="battle.cpp">
      <Filter>Source Files</Filter>
    </ClCompile>
    <ClCompile Include="main.cpp">
      <Filter>Source Files</Filter>
    </ClCompile>
    <ClCompile Include="training.cpp">
      <Filter>Source Files</Filter>
    </ClCompile>
    <ClCompile Include="Unit.cpp">
      <Filter>Source Files</Filter>
    </ClCompile>
    <ClCompile Include="ActionNode.cpp">
      <Filter>Source Files\Decisions</Filter>
    </ClCompile>
    <ClCompile Include="DecisionNode.cpp">
      <Filter>Source Files\Decisions</Filter>
    </ClCompile>
  </ItemGroup>
  <ItemGroup>
    <ClInclude Include="ESGIShader.h">
      <Filter>Header Files</Filter>
    </ClInclude>
    <ClInclude Include="cube.h">
      <Filter>Header Files</Filter>
    </ClInclude>
    <ClInclude Include="include\Army.hpp">
      <Filter>Header Files</Filter>
    </ClInclude>
    <ClInclude Include="include\battle.hpp">
      <Filter>Header Files</Filter>
    </ClInclude>
    <ClInclude Include="include\configs.hpp">
      <Filter>Header Files</Filter>
    </ClInclude>
    <ClInclude Include="include\training.hpp">
      <Filter>Header Files</Filter>
    </ClInclude>
    <ClInclude Include="include\Unit.hpp">
      <Filter>Header Files</Filter>
    </ClInclude>
    <ClInclude Include="include\Capacity\ArmorCapacity.hpp">
      <Filter>Header Files\Capacity</Filter>
    </ClInclude>
    <ClInclude Include="include\Capacity\FirerateCapacity.hpp">
      <Filter>Header Files\Capacity</Filter>
    </ClInclude>
    <ClInclude Include="include\Capacity\DamageCapacity.hpp">
      <Filter>Header Files\Capacity</Filter>
    </ClInclude>
    <ClInclude Include="include\Capacity\RangeCapacity.hpp">
      <Filter>Header Files\Capacity</Filter>
    </ClInclude>
    <ClInclude Include="include\Capacity\RegenCapacity.hpp">
      <Filter>Header Files\Capacity</Filter>
    </ClInclude>
    <ClInclude Include="include\Capacity\SpeedCapacity.hpp">
      <Filter>Header Files\Capacity</Filter>
    </ClInclude>
    <ClInclude Include="include\Capacity\Capacity.hpp">
      <Filter>Header Files\Capacity</Filter>
    </ClInclude>
    <ClInclude Include="include\Actions\Action.hpp">
      <Filter>Header Files\Actions</Filter>
    </ClInclude>
    <ClInclude Include="include\Actions\ShotAction.hpp">
      <Filter>Header Files\Actions</Filter>
    </ClInclude>
    <ClInclude Include="include\Actions\EmptyAction.hpp">
      <Filter>Header Files\Actions</Filter>
    </ClInclude>
    <ClInclude Include="include\Actions\MoveAction.hpp">
      <Filter>Header Files\Actions</Filter>
    </ClInclude>
    <ClInclude Include="include\Capacity\LifeCapacity.hpp">
      <Filter>Header Files\Capacity</Filter>
    </ClInclude>
    <ClInclude Include="include\DecisionTree\DecisionNode.hpp">
      <Filter>Header Files\Decisions</Filter>
    </ClInclude>
    <ClInclude Include="include\DecisionTree\INode.hpp">
      <Filter>Header Files\Decisions</Filter>
    </ClInclude>
    <ClInclude Include="include\DecisionTree\ActionNode.hpp">
      <Filter>Header Files\Decisions</Filter>
    </ClInclude>
    <ClInclude Include="include\IA\TreeIA.hpp">
      <Filter>Header Files\IA</Filter>
    </ClInclude>
    <ClInclude Include="include\IA\AI.hpp">
      <Filter>Header Files\IA</Filter>
    </ClInclude>
    <ClInclude Include="include\Filters\IFilters.hpp">
      <Filter>Header Files\Filters</Filter>
    </ClInclude>
    <ClInclude Include="include\Point.hpp">
      <Filter>Header Files\Tools</Filter>
    </ClInclude>
  </ItemGroup>
</Project>